{
  "name": "gatsby-remark-a11y-emoji",
  "version": "1.0.0",
  "lockfileVersion": 1,
  "requires": true,
  "dependencies": {
    "emoji-regex": {
      "version": "6.5.1",
      "resolved": "https://registry.npmjs.org/emoji-regex/-/emoji-regex-6.5.1.tgz",
      "integrity": "sha512-PAHp6TxrCy7MGMFidro8uikr+zlJJKJ/Q6mm2ExZ7HwkyR9lSVFfE3kt36qcwa24BQL7y0G9axycGjK1A/0uNQ=="
    },
    "gemoji": {
      "version": "4.2.1",
      "resolved": "https://registry.npmjs.org/gemoji/-/gemoji-4.2.1.tgz",
      "integrity": "sha512-V9lUpRSn+KQGavZx8Pk+6mxG3kaz21ae2kTCXuT36KaRPNgYU8eHtj/RcUCNFVvmwppsYYz3nnNS9lmcP5kTsg=="
    },
    "prism-themes": {
      "version": "1.0.1",
      "resolved": "https://registry.npmjs.org/prism-themes/-/prism-themes-1.0.1.tgz",
      "integrity": "sha512-tRYOqg2tT5/eB++iX+rqRnqESkCKuoV+0PrUiGKdWMr5lApd/hwfu+72Hi0OS50wmcuIty3GB1HrRqoBD+Cpfg=="
    },
    "unist-util-is": {
      "version": "2.1.2",
      "resolved": "https://registry.npmjs.org/unist-util-is/-/unist-util-is-2.1.2.tgz",
      "integrity": "sha512-YkXBK/H9raAmG7KXck+UUpnKiNmUdB+aBGrknfQ4EreE1banuzrKABx3jP6Z5Z3fMSPMQQmeXBlKpCbMwBkxVw=="
    },
    "unist-util-visit": {
      "version": "1.3.1",
      "resolved": "https://registry.npmjs.org/unist-util-visit/-/unist-util-visit-1.3.1.tgz",
      "integrity": "sha512-0fdB9EQJU0tho5tK0VzOJzAQpPv2LyLZ030b10GxuzAWEfvd54mpY7BMjQ1L69k2YNvL+SvxRzH0yUIehOO8aA==",
      "requires": {
        "unist-util-is": "2.1.2"
      }
    }
  }
}
